
Microsoft Visual Studio Solution File, Format Version 12.00
# Visual Studio Version 16
VisualStudioVersion = 16.0.29123.88
MinimumVisualStudioVersion = 10.0.40219.1
Project("{FAE04EC0-301F-11D3-BF4B-00C04F79EFBC}") = "Tutorial1", "Tutorial1\Tutorial1.csproj", "{20033BFA-3569-43ED-80AD-A2E39ACABBC3}"
EndProject
Global
	GlobalSection(SolutionConfigurationPlatforms) = preSolution
		Debug|Any CPU = Debug|Any CPU
		Release|Any CPU = Release|Any CPU
	EndGlobalSection
	GlobalSection(ProjectConfigurationPlatforms) = postSolution
		{20033BFA-3569-43ED-80AD-A2E39ACABBC3}.Debug|Any CPU.ActiveCfg = Debug|Any CPU
		{20033BFA-3569-43ED-80AD-A2E39ACABBC3}.Debug|Any CPU.Build.0 = Debug|Any CPU
		{20033BFA-3569-43ED-80AD-A2E39ACABBC3}.Release|Any CPU.ActiveCfg = Release|Any CPU
		{20033BFA-3569-43ED-80AD-A2E39ACABBC3}.Release|Any CPU.Build.0 = Release|Any CPU
	EndGlobalSection
	GlobalSection(SolutionProperties) = preSolution
		HideSolutionNode = FALSE
	EndGlobalSection
	GlobalSection(ExtensibilityGlobals) = postSolution
		SolutionGuid = {72655934-9A24-4E54-A50D-203C45E63B80}
	EndGlobalSection
EndGlobal
